
Microsoft Visual Studio Solution File, Format Version 12.00
# Visual Studio 14
VisualStudioVersion = 14.0.24720.0
MinimumVisualStudioVersion = 10.0.40219.1
Project("{888888A0-9F3D-457C-B088-3A5042F75D52}") = "ExpediaRecommendations", "ExpediaRecommendations\ExpediaRecommendations.pyproj", "{9B34D85D-1636-488B-9F7D-2CC0DE8F6725}"
EndProject
Project("{888888A0-9F3D-457C-B088-3A5042F75D52}") = "KmaensAlgorithm", "KmaensAlgorithm\KmaensAlgorithm.pyproj", "{505B5726-C61D-4876-9176-78B4194B78D8}"
EndProject
Global
	GlobalSection(SolutionConfigurationPlatforms) = preSolution
		Debug|Any CPU = Debug|Any CPU
		Release|Any CPU = Release|Any CPU
	EndGlobalSection
	GlobalSection(ProjectConfigurationPlatforms) = postSolution
		{9B34D85D-1636-488B-9F7D-2CC0DE8F6725}.Debug|Any CPU.ActiveCfg = Debug|Any CPU
		{9B34D85D-1636-488B-9F7D-2CC0DE8F6725}.Release|Any CPU.ActiveCfg = Release|Any CPU
		{505B5726-C61D-4876-9176-78B4194B78D8}.Debug|Any CPU.ActiveCfg = Debug|Any CPU
		{505B5726-C61D-4876-9176-78B4194B78D8}.Release|Any CPU.ActiveCfg = Release|Any CPU
	EndGlobalSection
	GlobalSection(SolutionProperties) = preSolution
		HideSolutionNode = FALSE
	EndGlobalSection
EndGlobal
