
Microsoft Visual Studio Solution File, Format Version 12.00
# Visual Studio 14
VisualStudioVersion = 14.0.24720.0
MinimumVisualStudioVersion = 10.0.40219.1
Project("{888888A0-9F3D-457C-B088-3A5042F75D52}") = "CS325 GA4", "CS325 GA4\CS325 GA4.pyproj", "{277F6541-413B-4755-9297-9B62148945F2}"
EndProject
Project("{2150E333-8FDC-42A3-9474-1A3956D46DE8}") = "Solution Items", "Solution Items", "{E003BC42-C1EE-403C-9AFC-03475EBA7734}"
	ProjectSection(SolutionItems) = preProject
		CS325 GA4\WhiskasModel2.py = CS325 GA4\WhiskasModel2.py
	EndProjectSection
EndProject
Global
	GlobalSection(SolutionConfigurationPlatforms) = preSolution
		Debug|Any CPU = Debug|Any CPU
		Release|Any CPU = Release|Any CPU
	EndGlobalSection
	GlobalSection(ProjectConfigurationPlatforms) = postSolution
		{277F6541-413B-4755-9297-9B62148945F2}.Debug|Any CPU.ActiveCfg = Debug|Any CPU
		{277F6541-413B-4755-9297-9B62148945F2}.Release|Any CPU.ActiveCfg = Release|Any CPU
	EndGlobalSection
	GlobalSection(SolutionProperties) = preSolution
		HideSolutionNode = FALSE
	EndGlobalSection
EndGlobal
